
Microsoft Visual Studio Solution File, Format Version 12.00
# Visual Studio Version 17
VisualStudioVersion = 17.8.34408.163
MinimumVisualStudioVersion = 10.0.40219.1
Project("{FAE04EC0-301F-11D3-BF4B-00C04F79EFBC}") = "SendEmailTest", "SendEmailTest\SendEmailTest.csproj", "{50F05D76-F1DC-4C46-BDF6-33E8C0A470B9}"
EndProject
Global
	GlobalSection(SolutionConfigurationPlatforms) = preSolution
		Debug|Any CPU = Debug|Any CPU
		Release|Any CPU = Release|Any CPU
	EndGlobalSection
	GlobalSection(ProjectConfigurationPlatforms) = postSolution
		{50F05D76-F1DC-4C46-BDF6-33E8C0A470B9}.Debug|Any CPU.ActiveCfg = Debug|Any CPU
		{50F05D76-F1DC-4C46-BDF6-33E8C0A470B9}.Debug|Any CPU.Build.0 = Debug|Any CPU
		{50F05D76-F1DC-4C46-BDF6-33E8C0A470B9}.Release|Any CPU.ActiveCfg = Release|Any CPU
		{50F05D76-F1DC-4C46-BDF6-33E8C0A470B9}.Release|Any CPU.Build.0 = Release|Any CPU
	EndGlobalSection
	GlobalSection(SolutionProperties) = preSolution
		HideSolutionNode = FALSE
	EndGlobalSection
	GlobalSection(ExtensibilityGlobals) = postSolution
		SolutionGuid = {F05D8734-B7FF-40AC-B412-EF52C2A5DD7C}
	EndGlobalSection
EndGlobal
